
Microsoft Visual Studio Solution File, Format Version 12.00
# Visual Studio 15
VisualStudioVersion = 15.0.26228.102
MinimumVisualStudioVersion = 10.0.40219.1
Project("{FAE04EC0-301F-11D3-BF4B-00C04F79EFBC}") = "Software_subsidio", "Software_subsidio\Software_subsidio.csproj", "{A88EDEBE-A862-4F10-A07D-004411763ED9}"
EndProject
Project("{FAE04EC0-301F-11D3-BF4B-00C04F79EFBC}") = "Biblioteca", "Biblioteca\Biblioteca.csproj", "{9D29F8AF-3566-4F05-A2E9-D947E72E92DE}"
EndProject
Global
	GlobalSection(SolutionConfigurationPlatforms) = preSolution
		Debug|Any CPU = Debug|Any CPU
		Release|Any CPU = Release|Any CPU
	EndGlobalSection
	GlobalSection(ProjectConfigurationPlatforms) = postSolution
		{A88EDEBE-A862-4F10-A07D-004411763ED9}.Debug|Any CPU.ActiveCfg = Release|Any CPU
		{A88EDEBE-A862-4F10-A07D-004411763ED9}.Debug|Any CPU.Build.0 = Release|Any CPU
		{A88EDEBE-A862-4F10-A07D-004411763ED9}.Release|Any CPU.ActiveCfg = Release|Any CPU
		{A88EDEBE-A862-4F10-A07D-004411763ED9}.Release|Any CPU.Build.0 = Release|Any CPU
		{9D29F8AF-3566-4F05-A2E9-D947E72E92DE}.Debug|Any CPU.ActiveCfg = Release|Any CPU
		{9D29F8AF-3566-4F05-A2E9-D947E72E92DE}.Debug|Any CPU.Build.0 = Release|Any CPU
		{9D29F8AF-3566-4F05-A2E9-D947E72E92DE}.Release|Any CPU.ActiveCfg = Release|Any CPU
		{9D29F8AF-3566-4F05-A2E9-D947E72E92DE}.Release|Any CPU.Build.0 = Release|Any CPU
	EndGlobalSection
	GlobalSection(SolutionProperties) = preSolution
		HideSolutionNode = FALSE
	EndGlobalSection
	GlobalSection(ExtensibilityGlobals) = postSolution
		SolutionGuid = {654B2B1A-AE91-43F3-8C6A-0AB9D4662386}
	EndGlobalSection
EndGlobal
